// !$*UTF8*$!
{
	archiveVersion = 1;
	classes = {
	};
	objectVersion = 55;
	objects = {

/* Begin PBXBuildFile section */
		7CCBA0142762661900E987AA /* iOSTensorflowApp.swift in Sources */ = {isa = PBXBuildFile; fileRef = 7CCBA0132762661900E987AA /* iOSTensorflowApp.swift */; };
		7CCBA0162762661900E987AA /* ContentView.swift in Sources */ = {isa = PBXBuildFile; fileRef = 7CCBA0152762661900E987AA /* ContentView.swift */; };
		7CCBA0182762661B00E987AA /* Assets.xcassets in Resources */ = {isa = PBXBuildFile; fileRef = 7CCBA0172762661B00E987AA /* Assets.xcassets */; };
		7CCBA01B2762661B00E987AA /* Preview Assets.xcassets in Resources */ = {isa = PBXBuildFile; fileRef = 7CCBA01A2762661B00E987AA /* Preview Assets.xcassets */; };
		7CCBA0252762661B00E987AA /* iOSTensorflowTests.swift in Sources */ = {isa = PBXBuildFile; fileRef = 7CCBA0242762661B00E987AA /* iOSTensorflowTests.swift */; };
		7CCBA02F2762661B00E987AA /* iOSTensorflowUITests.swift in Sources */ = {isa = PBXBuildFile; fileRef = 7CCBA02E2762661B00E987AA /* iOSTensorflowUITests.swift */; };
		7CCBA0312762661B00E987AA /* iOSTensorflowUITestsLaunchTests.swift in Sources */ = {isa = PBXBuildFile; fileRef = 7CCBA0302762661B00E987AA /* iOSTensorflowUITestsLaunchTests.swift */; };
		7CCBA0422762693900E987AA /* MLData.swift in Sources */ = {isa = PBXBuildFile; fileRef = 7CCBA0412762693900E987AA /* MLData.swift */; };
		7CCBA045276269F800E987AA /* MobileNet.swift in Sources */ = {isa = PBXBuildFile; fileRef = 7CCBA044276269F800E987AA /* MobileNet.swift */; };
		7CCBA04827626E6000E987AA /* CVPixelBufferExtension.swift in Sources */ = {isa = PBXBuildFile; fileRef = 7CCBA04727626E6000E987AA /* CVPixelBufferExtension.swift */; };
		7CCBA0532762757500E987AA /* InferenceViewModel.swift in Sources */ = {isa = PBXBuildFile; fileRef = 7CCBA0522762757500E987AA /* InferenceViewModel.swift */; };
		7CCBA05A27627DB900E987AA /* mobilenet_quant_v1_224.tflite in Resources */ = {isa = PBXBuildFile; fileRef = 7CCBA05827627DB900E987AA /* mobilenet_quant_v1_224.tflite */; };
		7CCBA05B27627DB900E987AA /* labels.txt in Resources */ = {isa = PBXBuildFile; fileRef = 7CCBA05927627DB900E987AA /* labels.txt */; };
		7F1F9C119C4283ED8F26BA1F /* Pods_iOSTensorflow.framework in Frameworks */ = {isa = PBXBuildFile; fileRef = 885390E703F18CCDBF3DD5C8 /* Pods_iOSTensorflow.framework */; };
		84A45BC7A70E5EDEDFE41BCD /* Pods_iOSTensorflow_iOSTensorflowUITests.framework in Frameworks */ = {isa = PBXBuildFile; fileRef = 202BDF7BE8B38B4F62F0FB41 /* Pods_iOSTensorflow_iOSTensorflowUITests.framework */; };
		F1FE4B2963FD19554E48EAB9 /* Pods_iOSTensorflowTests.framework in Frameworks */ = {isa = PBXBuildFile; fileRef = AE6C2AB0AE37D6CA1F9DF5BB /* Pods_iOSTensorflowTests.framework */; };
/* End PBXBuildFile section */

/* Begin PBXContainerItemProxy section */
		7CCBA0212762661B00E987AA /* PBXContainerItemProxy */ = {
			isa = PBXContainerItemProxy;
			containerPortal = 7CCBA0082762661900E987AA /* Project object */;
			proxyType = 1;
			remoteGlobalIDString = 7CCBA00F2762661900E987AA;
			remoteInfo = iOSTensorflow;
		};
		7CCBA02B2762661B00E987AA /* PBXContainerItemProxy */ = {
			isa = PBXContainerItemProxy;
			containerPortal = 7CCBA0082762661900E987AA /* Project object */;
			proxyType = 1;
			remoteGlobalIDString = 7CCBA00F2762661900E987AA;
			remoteInfo = iOSTensorflow;
		};
/* End PBXContainerItemProxy section */

/* Begin PBXFileReference section */
		1B6E454D8D36E3CECB855364 /* Pods-iOSTensorflowTests.debug.xcconfig */ = {isa = PBXFileReference; includeInIndex = 1; lastKnownFileType = text.xcconfig; name = "Pods-iOSTensorflowTests.debug.xcconfig"; path = "Target Support Files/Pods-iOSTensorflowTests/Pods-iOSTensorflowTests.debug.xcconfig"; sourceTree = "<group>"; };
		1CE310FF5E6141C1F7D49196 /* Pods-iOSTensorflowTests.release.xcconfig */ = {isa = PBXFileReference; includeInIndex = 1; lastKnownFileType = text.xcconfig; name = "Pods-iOSTensorflowTests.release.xcconfig"; path = "Target Support Files/Pods-iOSTensorflowTests/Pods-iOSTensorflowTests.release.xcconfig"; sourceTree = "<group>"; };
		202BDF7BE8B38B4F62F0FB41 /* Pods_iOSTensorflow_iOSTensorflowUITests.framework */ = {isa = PBXFileReference; explicitFileType = wrapper.framework; includeInIndex = 0; path = Pods_iOSTensorflow_iOSTensorflowUITests.framework; sourceTree = BUILT_PRODUCTS_DIR; };
		43A8BF9593614FC11EC47E53 /* Pods-iOSTensorflow.release.xcconfig */ = {isa = PBXFileReference; includeInIndex = 1; lastKnownFileType = text.xcconfig; name = "Pods-iOSTensorflow.release.xcconfig"; path = "Target Support Files/Pods-iOSTensorflow/Pods-iOSTensorflow.release.xcconfig"; sourceTree = "<group>"; };
		7CCBA0102762661900E987AA /* iOSTensorflow.app */ = {isa = PBXFileReference; explicitFileType = wrapper.application; includeInIndex = 0; path = iOSTensorflow.app; sourceTree = BUILT_PRODUCTS_DIR; };
		7CCBA0132762661900E987AA /* iOSTensorflowApp.swift */ = {isa = PBXFileReference; lastKnownFileType = sourcecode.swift; path = iOSTensorflowApp.swift; sourceTree = "<group>"; };
		7CCBA0152762661900E987AA /* ContentView.swift */ = {isa = PBXFileReference; lastKnownFileType = sourcecode.swift; path = ContentView.swift; sourceTree = "<group>"; };
		7CCBA0172762661B00E987AA /* Assets.xcassets */ = {isa = PBXFileReference; lastKnownFileType = folder.assetcatalog; path = Assets.xcassets; sourceTree = "<group>"; };
		7CCBA01A2762661B00E987AA /* Preview Assets.xcassets */ = {isa = PBXFileReference; lastKnownFileType = folder.assetcatalog; path = "Preview Assets.xcassets"; sourceTree = "<group>"; };
		7CCBA0202762661B00E987AA /* iOSTensorflowTests.xctest */ = {isa = PBXFileReference; explicitFileType = wrapper.cfbundle; includeInIndex = 0; path = iOSTensorflowTests.xctest; sourceTree = BUILT_PRODUCTS_DIR; };
		7CCBA0242762661B00E987AA /* iOSTensorflowTests.swift */ = {isa = PBXFileReference; lastKnownFileType = sourcecode.swift; path = iOSTensorflowTests.swift; sourceTree = "<group>"; };
		7CCBA02A2762661B00E987AA /* iOSTensorflowUITests.xctest */ = {isa = PBXFileReference; explicitFileType = wrapper.cfbundle; includeInIndex = 0; path = iOSTensorflowUITests.xctest; sourceTree = BUILT_PRODUCTS_DIR; };
		7CCBA02E2762661B00E987AA /* iOSTensorflowUITests.swift */ = {isa = PBXFileReference; lastKnownFileType = sourcecode.swift; path = iOSTensorflowUITests.swift; sourceTree = "<group>"; };
		7CCBA0302762661B00E987AA /* iOSTensorflowUITestsLaunchTests.swift */ = {isa = PBXFileReference; lastKnownFileType = sourcecode.swift; path = iOSTensorflowUITestsLaunchTests.swift; sourceTree = "<group>"; };
		7CCBA0412762693900E987AA /* MLData.swift */ = {isa = PBXFileReference; lastKnownFileType = sourcecode.swift; path = MLData.swift; sourceTree = "<group>"; };
		7CCBA044276269F800E987AA /* MobileNet.swift */ = {isa = PBXFileReference; lastKnownFileType = sourcecode.swift; path = MobileNet.swift; sourceTree = "<group>"; };
		7CCBA04727626E6000E987AA /* CVPixelBufferExtension.swift */ = {isa = PBXFileReference; lastKnownFileType = sourcecode.swift; path = CVPixelBufferExtension.swift; sourceTree = "<group>"; };
		7CCBA0522762757500E987AA /* InferenceViewModel.swift */ = {isa = PBXFileReference; lastKnownFileType = sourcecode.swift; path = InferenceViewModel.swift; sourceTree = "<group>"; };
		7CCBA05827627DB900E987AA /* mobilenet_quant_v1_224.tflite */ = {isa = PBXFileReference; lastKnownFileType = file; path = mobilenet_quant_v1_224.tflite; sourceTree = "<group>"; };
		7CCBA05927627DB900E987AA /* labels.txt */ = {isa = PBXFileReference; fileEncoding = 4; lastKnownFileType = text; name = labels.txt; path = ../../../../../Downloads/mobilenet_v1_224_android_quant_2017_11_08/labels.txt; sourceTree = "<group>"; };
		885390E703F18CCDBF3DD5C8 /* Pods_iOSTensorflow.framework */ = {isa = PBXFileReference; explicitFileType = wrapper.framework; includeInIndex = 0; path = Pods_iOSTensorflow.framework; sourceTree = BUILT_PRODUCTS_DIR; };
		AE6C2AB0AE37D6CA1F9DF5BB /* Pods_iOSTensorflowTests.framework */ = {isa = PBXFileReference; explicitFileType = wrapper.framework; includeInIndex = 0; path = Pods_iOSTensorflowTests.framework; sourceTree = BUILT_PRODUCTS_DIR; };
		D44031508312CC27BD133015 /* Pods-iOSTensorflow-iOSTensorflowUITests.debug.xcconfig */ = {isa = PBXFileReference; includeInIndex = 1; lastKnownFileType = text.xcconfig; name = "Pods-iOSTensorflow-iOSTensorflowUITests.debug.xcconfig"; path = "Target Support Files/Pods-iOSTensorflow-iOSTensorflowUITests/Pods-iOSTensorflow-iOSTensorflowUITests.debug.xcconfig"; sourceTree = "<group>"; };
		DAFFC74200241B2D1941C1BE /* Pods-iOSTensorflow-iOSTensorflowUITests.release.xcconfig */ = {isa = PBXFileReference; includeInIndex = 1; lastKnownFileType = text.xcconfig; name = "Pods-iOSTensorflow-iOSTensorflowUITests.release.xcconfig"; path = "Target Support Files/Pods-iOSTensorflow-iOSTensorflowUITests/Pods-iOSTensorflow-iOSTensorflowUITests.release.xcconfig"; sourceTree = "<group>"; };
		F4281C7FD04A97668A33F553 /* Pods-iOSTensorflow.debug.xcconfig */ = {isa = PBXFileReference; includeInIndex = 1; lastKnownFileType = text.xcconfig; name = "Pods-iOSTensorflow.debug.xcconfig"; path = "Target Support Files/Pods-iOSTensorflow/Pods-iOSTensorflow.debug.xcconfig"; sourceTree = "<group>"; };
/* End PBXFileReference section */

/* Begin PBXFrameworksBuildPhase section */
		7CCBA00D2762661900E987AA /* Frameworks */ = {
			isa = PBXFrameworksBuildPhase;
			buildActionMask = 2147483647;
			files = (
				7F1F9C119C4283ED8F26BA1F /* Pods_iOSTensorflow.framework in Frameworks */,
			);
			runOnlyForDeploymentPostprocessing = 0;
		};
		7CCBA01D2762661B00E987AA /* Frameworks */ = {
			isa = PBXFrameworksBuildPhase;
			buildActionMask = 2147483647;
			files = (
				F1FE4B2963FD19554E48EAB9 /* Pods_iOSTensorflowTests.framework in Frameworks */,
			);
			runOnlyForDeploymentPostprocessing = 0;
		};
		7CCBA0272762661B00E987AA /* Frameworks */ = {
			isa = PBXFrameworksBuildPhase;
			buildActionMask = 2147483647;
			files = (
				84A45BC7A70E5EDEDFE41BCD /* Pods_iOSTensorflow_iOSTensorflowUITests.framework in Frameworks */,
			);
			runOnlyForDeploymentPostprocessing = 0;
		};
/* End PBXFrameworksBuildPhase section */

/* Begin PBXGroup section */
		7CCBA0072762661900E987AA = {
			isa = PBXGroup;
			children = (
				7CCBA0122762661900E987AA /* iOSTensorflow */,
				7CCBA0232762661B00E987AA /* iOSTensorflowTests */,
				7CCBA02D2762661B00E987AA /* iOSTensorflowUITests */,
				7CCBA0112762661900E987AA /* Products */,
				871C7BDB3DACCFEC45F2F0A1 /* Pods */,
				F5CFED2ACFF3F2BBF1F1B875 /* Frameworks */,
			);
			sourceTree = "<group>";
		};
		7CCBA0112762661900E987AA /* Products */ = {
			isa = PBXGroup;
			children = (
				7CCBA0102762661900E987AA /* iOSTensorflow.app */,
				7CCBA0202762661B00E987AA /* iOSTensorflowTests.xctest */,
				7CCBA02A2762661B00E987AA /* iOSTensorflowUITests.xctest */,
			);
			name = Products;
			sourceTree = "<group>";
		};
		7CCBA0122762661900E987AA /* iOSTensorflow */ = {
			isa = PBXGroup;
			children = (
				7CCBA0132762661900E987AA /* iOSTensorflowApp.swift */,
				7CCBA0402762687900E987AA /* ML */,
				7CCBA03F2762669800E987AA /* Model */,
				7CCBA03E2762669100E987AA /* ViewModel */,
				7CCBA03D2762668C00E987AA /* View */,
				7CCBA0172762661B00E987AA /* Assets.xcassets */,
				7CCBA049276273B200E987AA /* Resource */,
				7CCBA0192762661B00E987AA /* Preview Content */,
			);
			path = iOSTensorflow;
			sourceTree = "<group>";
		};
		7CCBA0192762661B00E987AA /* Preview Content */ = {
			isa = PBXGroup;
			children = (
				7CCBA01A2762661B00E987AA /* Preview Assets.xcassets */,
			);
			path = "Preview Content";
			sourceTree = "<group>";
		};
		7CCBA0232762661B00E987AA /* iOSTensorflowTests */ = {
			isa = PBXGroup;
			children = (
				7CCBA0242762661B00E987AA /* iOSTensorflowTests.swift */,
			);
			path = iOSTensorflowTests;
			sourceTree = "<group>";
		};
		7CCBA02D2762661B00E987AA /* iOSTensorflowUITests */ = {
			isa = PBXGroup;
			children = (
				7CCBA02E2762661B00E987AA /* iOSTensorflowUITests.swift */,
				7CCBA0302762661B00E987AA /* iOSTensorflowUITestsLaunchTests.swift */,
			);
			path = iOSTensorflowUITests;
			sourceTree = "<group>";
		};
		7CCBA03D2762668C00E987AA /* View */ = {
			isa = PBXGroup;
			children = (
				7CCBA0152762661900E987AA /* ContentView.swift */,
			);
			path = View;
			sourceTree = "<group>";
		};
		7CCBA03E2762669100E987AA /* ViewModel */ = {
			isa = PBXGroup;
			children = (
				7CCBA0522762757500E987AA /* InferenceViewModel.swift */,
			);
			path = ViewModel;
			sourceTree = "<group>";
		};
		7CCBA03F2762669800E987AA /* Model */ = {
			isa = PBXGroup;
			children = (
			);
			path = Model;
			sourceTree = "<group>";
		};
		7CCBA0402762687900E987AA /* ML */ = {
			isa = PBXGroup;
			children = (
				7CCBA04627626E3B00E987AA /* Extension */,
				7CCBA0412762693900E987AA /* MLData.swift */,
				7CCBA044276269F800E987AA /* MobileNet.swift */,
			);
			path = ML;
			sourceTree = "<group>";
		};
		7CCBA04627626E3B00E987AA /* Extension */ = {
			isa = PBXGroup;
			children = (
				7CCBA04727626E6000E987AA /* CVPixelBufferExtension.swift */,
			);
			path = Extension;
			sourceTree = "<group>";
		};
		7CCBA049276273B200E987AA /* Resource */ = {
			isa = PBXGroup;
			children = (
				7CCBA05927627DB900E987AA /* labels.txt */,
				7CCBA05827627DB900E987AA /* mobilenet_quant_v1_224.tflite */,
			);
			path = Resource;
			sourceTree = "<group>";
		};
		871C7BDB3DACCFEC45F2F0A1 /* Pods */ = {
			isa = PBXGroup;
			children = (
				F4281C7FD04A97668A33F553 /* Pods-iOSTensorflow.debug.xcconfig */,
				43A8BF9593614FC11EC47E53 /* Pods-iOSTensorflow.release.xcconfig */,
				D44031508312CC27BD133015 /* Pods-iOSTensorflow-iOSTensorflowUITests.debug.xcconfig */,
				DAFFC74200241B2D1941C1BE /* Pods-iOSTensorflow-iOSTensorflowUITests.release.xcconfig */,
				1B6E454D8D36E3CECB855364 /* Pods-iOSTensorflowTests.debug.xcconfig */,
				1CE310FF5E6141C1F7D49196 /* Pods-iOSTensorflowTests.release.xcconfig */,
			);
			path = Pods;
			sourceTree = "<group>";
		};
		F5CFED2ACFF3F2BBF1F1B875 /* Frameworks */ = {
			isa = PBXGroup;
			children = (
				885390E703F18CCDBF3DD5C8 /* Pods_iOSTensorflow.framework */,
				202BDF7BE8B38B4F62F0FB41 /* Pods_iOSTensorflow_iOSTensorflowUITests.framework */,
				AE6C2AB0AE37D6CA1F9DF5BB /* Pods_iOSTensorflowTests.framework */,
			);
			name = Frameworks;
			sourceTree = "<group>";
		};
/* End PBXGroup section */

/* Begin PBXNativeTarget section */
		7CCBA00F2762661900E987AA /* iOSTensorflow */ = {
			isa = PBXNativeTarget;
			buildConfigurationList = 7CCBA0342762661B00E987AA /* Build configuration list for PBXNativeTarget "iOSTensorflow" */;
			buildPhases = (
				79E9501AFD77CC410D7FE1A9 /* [CP] Check Pods Manifest.lock */,
				7CCBA00C2762661900E987AA /* Sources */,
				7CCBA00D2762661900E987AA /* Frameworks */,
				7CCBA00E2762661900E987AA /* Resources */,
			);
			buildRules = (
			);
			dependencies = (
			);
			name = iOSTensorflow;
			productName = iOSTensorflow;
			productReference = 7CCBA0102762661900E987AA /* iOSTensorflow.app */;
			productType = "com.apple.product-type.application";
		};
		7CCBA01F2762661B00E987AA /* iOSTensorflowTests */ = {
			isa = PBXNativeTarget;
			buildConfigurationList = 7CCBA0372762661B00E987AA /* Build configuration list for PBXNativeTarget "iOSTensorflowTests" */;
			buildPhases = (
				5F4FAAD9F11C0FFAC7582E2E /* [CP] Check Pods Manifest.lock */,
				7CCBA01C2762661B00E987AA /* Sources */,
				7CCBA01D2762661B00E987AA /* Frameworks */,
				7CCBA01E2762661B00E987AA /* Resources */,
			);
			buildRules = (
			);
			dependencies = (
				7CCBA0222762661B00E987AA /* PBXTargetDependency */,
			);
			name = iOSTensorflowTests;
			productName = iOSTensorflowTests;
			productReference = 7CCBA0202762661B00E987AA /* iOSTensorflowTests.xctest */;
			productType = "com.apple.product-type.bundle.unit-test";
		};
		7CCBA0292762661B00E987AA /* iOSTensorflowUITests */ = {
			isa = PBXNativeTarget;
			buildConfigurationList = 7CCBA03A2762661B00E987AA /* Build configuration list for PBXNativeTarget "iOSTensorflowUITests" */;
			buildPhases = (
				53B5F8B1B05BDAA231A62D20 /* [CP] Check Pods Manifest.lock */,
				7CCBA0262762661B00E987AA /* Sources */,
				7CCBA0272762661B00E987AA /* Frameworks */,
				7CCBA0282762661B00E987AA /* Resources */,
			);
			buildRules = (
			);
			dependencies = (
				7CCBA02C2762661B00E987AA /* PBXTargetDependency */,
			);
			name = iOSTensorflowUITests;
			productName = iOSTensorflowUITests;
			productReference = 7CCBA02A2762661B00E987AA /* iOSTensorflowUITests.xctest */;
			productType = "com.apple.product-type.bundle.ui-testing";
		};
/* End PBXNativeTarget section */

/* Begin PBXProject section */
		7CCBA0082762661900E987AA /* Project object */ = {
			isa = PBXProject;
			attributes = {
				BuildIndependentTargetsInParallel = 1;
				LastSwiftUpdateCheck = 1310;
				LastUpgradeCheck = 1310;
				TargetAttributes = {
					7CCBA00F2762661900E987AA = {
						CreatedOnToolsVersion = 13.1;
					};
					7CCBA01F2762661B00E987AA = {
						CreatedOnToolsVersion = 13.1;
						TestTargetID = 7CCBA00F2762661900E987AA;
					};
					7CCBA0292762661B00E987AA = {
						CreatedOnToolsVersion = 13.1;
						TestTargetID = 7CCBA00F2762661900E987AA;
					};
				};
			};
			buildConfigurationList = 7CCBA00B2762661900E987AA /* Build configuration list for PBXProject "iOSTensorflow" */;
			compatibilityVersion = "Xcode 13.0";
			developmentRegion = en;
			hasScannedForEncodings = 0;
			knownRegions = (
				en,
				Base,
			);
			mainGroup = 7CCBA0072762661900E987AA;
			productRefGroup = 7CCBA0112762661900E987AA /* Products */;
			projectDirPath = "";
			projectRoot = "";
			targets = (
				7CCBA00F2762661900E987AA /* iOSTensorflow */,
				7CCBA01F2762661B00E987AA /* iOSTensorflowTests */,
				7CCBA0292762661B00E987AA /* iOSTensorflowUITests */,
			);
		};
/* End PBXProject section */

/* Begin PBXResourcesBuildPhase section */
		7CCBA00E2762661900E987AA /* Resources */ = {
			isa = PBXResourcesBuildPhase;
			buildActionMask = 2147483647;
			files = (
				7CCBA01B2762661B00E987AA /* Preview Assets.xcassets in Resources */,
				7CCBA05B27627DB900E987AA /* labels.txt in Resources */,
				7CCBA05A27627DB900E987AA /* mobilenet_quant_v1_224.tflite in Resources */,
				7CCBA0182762661B00E987AA /* Assets.xcassets in Resources */,
			);
			runOnlyForDeploymentPostprocessing = 0;
		};
		7CCBA01E2762661B00E987AA /* Resources */ = {
			isa = PBXResourcesBuildPhase;
			buildActionMask = 2147483647;
			files = (
			);
			runOnlyForDeploymentPostprocessing = 0;
		};
		7CCBA0282762661B00E987AA /* Resources */ = {
			isa = PBXResourcesBuildPhase;
			buildActionMask = 2147483647;
			files = (
			);
			runOnlyForDeploymentPostprocessing = 0;
		};
/* End PBXResourcesBuildPhase section */

/* Begin PBXShellScriptBuildPhase section */
		53B5F8B1B05BDAA231A62D20 /* [CP] Check Pods Manifest.lock */ = {
			isa = PBXShellScriptBuildPhase;
			buildActionMask = 2147483647;
			files = (
			);
			inputFileListPaths = (
			);
			inputPaths = (
				"${PODS_PODFILE_DIR_PATH}/Podfile.lock",
				"${PODS_ROOT}/Manifest.lock",
			);
			name = "[CP] Check Pods Manifest.lock";
			outputFileListPaths = (
			);
			outputPaths = (
				"$(DERIVED_FILE_DIR)/Pods-iOSTensorflow-iOSTensorflowUITests-checkManifestLockResult.txt",
			);
			runOnlyForDeploymentPostprocessing = 0;
			shellPath = /bin/sh;
			shellScript = "diff \"${PODS_PODFILE_DIR_PATH}/Podfile.lock\" \"${PODS_ROOT}/Manifest.lock\" > /dev/null\nif [ $? != 0 ] ; then\n    # print error to STDERR\n    echo \"error: The sandbox is not in sync with the Podfile.lock. Run 'pod install' or update your CocoaPods installation.\" >&2\n    exit 1\nfi\n# This output is used by Xcode 'outputs' to avoid re-running this script phase.\necho \"SUCCESS\" > \"${SCRIPT_OUTPUT_FILE_0}\"\n";
			showEnvVarsInLog = 0;
		};
		5F4FAAD9F11C0FFAC7582E2E /* [CP] Check Pods Manifest.lock */ = {
			isa = PBXShellScriptBuildPhase;
			buildActionMask = 2147483647;
			files = (
			);
			inputFileListPaths = (
			);
			inputPaths = (
				"${PODS_PODFILE_DIR_PATH}/Podfile.lock",
				"${PODS_ROOT}/Manifest.lock",
			);
			name = "[CP] Check Pods Manifest.lock";
			outputFileListPaths = (
			);
			outputPaths = (
				"$(DERIVED_FILE_DIR)/Pods-iOSTensorflowTests-checkManifestLockResult.txt",
			);
			runOnlyForDeploymentPostprocessing = 0;
			shellPath = /bin/sh;
			shellScript = "diff \"${PODS_PODFILE_DIR_PATH}/Podfile.lock\" \"${PODS_ROOT}/Manifest.lock\" > /dev/null\nif [ $? != 0 ] ; then\n    # print error to STDERR\n    echo \"error: The sandbox is not in sync with the Podfile.lock. Run 'pod install' or update your CocoaPods installation.\" >&2\n    exit 1\nfi\n# This output is used by Xcode 'outputs' to avoid re-running this script phase.\necho \"SUCCESS\" > \"${SCRIPT_OUTPUT_FILE_0}\"\n";
			showEnvVarsInLog = 0;
		};
		79E9501AFD77CC410D7FE1A9 /* [CP] Check Pods Manifest.lock */ = {
			isa = PBXShellScriptBuildPhase;
			buildActionMask = 2147483647;
			files = (
			);
			inputFileListPaths = (
			);
			inputPaths = (
				"${PODS_PODFILE_DIR_PATH}/Podfile.lock",
				"${PODS_ROOT}/Manifest.lock",
			);
			name = "[CP] Check Pods Manifest.lock";
			outputFileListPaths = (
			);
			outputPaths = (
				"$(DERIVED_FILE_DIR)/Pods-iOSTensorflow-checkManifestLockResult.txt",
			);
			runOnlyForDeploymentPostprocessing = 0;
			shellPath = /bin/sh;
			shellScript = "diff \"${PODS_PODFILE_DIR_PATH}/Podfile.lock\" \"${PODS_ROOT}/Manifest.lock\" > /dev/null\nif [ $? != 0 ] ; then\n    # print error to STDERR\n    echo \"error: The sandbox is not in sync with the Podfile.lock. Run 'pod install' or update your CocoaPods installation.\" >&2\n    exit 1\nfi\n# This output is used by Xcode 'outputs' to avoid re-running this script phase.\necho \"SUCCESS\" > \"${SCRIPT_OUTPUT_FILE_0}\"\n";
			showEnvVarsInLog = 0;
		};
/* End PBXShellScriptBuildPhase section */

/* Begin PBXSourcesBuildPhase section */
		7CCBA00C2762661900E987AA /* Sources */ = {
			isa = PBXSourcesBuildPhase;
			buildActionMask = 2147483647;
			files = (
				7CCBA0532762757500E987AA /* InferenceViewModel.swift in Sources */,
				7CCBA04827626E6000E987AA /* CVPixelBufferExtension.swift in Sources */,
				7CCBA0422762693900E987AA /* MLData.swift in Sources */,
				7CCBA045276269F800E987AA /* MobileNet.swift in Sources */,
				7CCBA0162762661900E987AA /* ContentView.swift in Sources */,
				7CCBA0142762661900E987AA /* iOSTensorflowApp.swift in Sources */,
			);
			runOnlyForDeploymentPostprocessing = 0;
		};
		7CCBA01C2762661B00E987AA /* Sources */ = {
			isa = PBXSourcesBuildPhase;
			buildActionMask = 2147483647;
			files = (
				7CCBA0252762661B00E987AA /* iOSTensorflowTests.swift in Sources */,
			);
			runOnlyForDeploymentPostprocessing = 0;
		};
		7CCBA0262762661B00E987AA /* Sources */ = {
			isa = PBXSourcesBuildPhase;
			buildActionMask = 2147483647;
			files = (
				7CCBA02F2762661B00E987AA /* iOSTensorflowUITests.swift in Sources */,
				7CCBA0312762661B00E987AA /* iOSTensorflowUITestsLaunchTests.swift in Sources */,
			);
			runOnlyForDeploymentPostprocessing = 0;
		};
/* End PBXSourcesBuildPhase section */

/* Begin PBXTargetDependency section */
		7CCBA0222762661B00E987AA /* PBXTargetDependency */ = {
			isa = PBXTargetDependency;
			target = 7CCBA00F2762661900E987AA /* iOSTensorflow */;
			targetProxy = 7CCBA0212762661B00E987AA /* PBXContainerItemProxy */;
		};
		7CCBA02C2762661B00E987AA /* PBXTargetDependency */ = {
			isa = PBXTargetDependency;
			target = 7CCBA00F2762661900E987AA /* iOSTensorflow */;
			targetProxy = 7CCBA02B2762661B00E987AA /* PBXContainerItemProxy */;
		};
/* End PBXTargetDependency section */

/* Begin XCBuildConfiguration section */
		7CCBA0322762661B00E987AA /* Debug */ = {
			isa = XCBuildConfiguration;
			buildSettings = {
				ALWAYS_SEARCH_USER_PATHS = NO;
				CLANG_ANALYZER_NONNULL = YES;
				CLANG_ANALYZER_NUMBER_OBJECT_CONVERSION = YES_AGGRESSIVE;
				CLANG_CXX_LANGUAGE_STANDARD = "gnu++17";
				CLANG_CXX_LIBRARY = "libc++";
				CLANG_ENABLE_MODULES = YES;
				CLANG_ENABLE_OBJC_ARC = YES;
				CLANG_ENABLE_OBJC_WEAK = YES;
				CLANG_WARN_BLOCK_CAPTURE_AUTORELEASING = YES;
				CLANG_WARN_BOOL_CONVERSION = YES;
				CLANG_WARN_COMMA = YES;
				CLANG_WARN_CONSTANT_CONVERSION = YES;
				CLANG_WARN_DEPRECATED_OBJC_IMPLEMENTATIONS = YES;
				CLANG_WARN_DIRECT_OBJC_ISA_USAGE = YES_ERROR;
				CLANG_WARN_DOCUMENTATION_COMMENTS = YES;
				CLANG_WARN_EMPTY_BODY = YES;
				CLANG_WARN_ENUM_CONVERSION = YES;
				CLANG_WARN_INFINITE_RECURSION = YES;
				CLANG_WARN_INT_CONVERSION = YES;
				CLANG_WARN_NON_LITERAL_NULL_CONVERSION = YES;
				CLANG_WARN_OBJC_IMPLICIT_RETAIN_SELF = YES;
				CLANG_WARN_OBJC_LITERAL_CONVERSION = YES;
				CLANG_WARN_OBJC_ROOT_CLASS = YES_ERROR;
				CLANG_WARN_QUOTED_INCLUDE_IN_FRAMEWORK_HEADER = YES;
				CLANG_WARN_RANGE_LOOP_ANALYSIS = YES;
				CLANG_WARN_STRICT_PROTOTYPES = YES;
				CLANG_WARN_SUSPICIOUS_MOVE = YES;
				CLANG_WARN_UNGUARDED_AVAILABILITY = YES_AGGRESSIVE;
				CLANG_WARN_UNREACHABLE_CODE = YES;
				CLANG_WARN__DUPLICATE_METHOD_MATCH = YES;
				COPY_PHASE_STRIP = NO;
				DEBUG_INFORMATION_FORMAT = dwarf;
				ENABLE_STRICT_OBJC_MSGSEND = YES;
				ENABLE_TESTABILITY = YES;
				GCC_C_LANGUAGE_STANDARD = gnu11;
				GCC_DYNAMIC_NO_PIC = NO;
				GCC_NO_COMMON_BLOCKS = YES;
				GCC_OPTIMIZATION_LEVEL = 0;
				GCC_PREPROCESSOR_DEFINITIONS = (
					"DEBUG=1",
					"$(inherited)",
				);
				GCC_WARN_64_TO_32_BIT_CONVERSION = YES;
				GCC_WARN_ABOUT_RETURN_TYPE = YES_ERROR;
				GCC_WARN_UNDECLARED_SELECTOR = YES;
				GCC_WARN_UNINITIALIZED_AUTOS = YES_AGGRESSIVE;
				GCC_WARN_UNUSED_FUNCTION = YES;
				GCC_WARN_UNUSED_VARIABLE = YES;
				IPHONEOS_DEPLOYMENT_TARGET = 15.0;
				MTL_ENABLE_DEBUG_INFO = INCLUDE_SOURCE;
				MTL_FAST_MATH = YES;
				ONLY_ACTIVE_ARCH = YES;
				SDKROOT = iphoneos;
				SWIFT_ACTIVE_COMPILATION_CONDITIONS = DEBUG;
				SWIFT_OPTIMIZATION_LEVEL = "-Onone";
			};
			name = Debug;
		};
		7CCBA0332762661B00E987AA /* Release */ = {
			isa = XCBuildConfiguration;
			buildSettings = {
				ALWAYS_SEARCH_USER_PATHS = NO;
				CLANG_ANALYZER_NONNULL = YES;
				CLANG_ANALYZER_NUMBER_OBJECT_CONVERSION = YES_AGGRESSIVE;
				CLANG_CXX_LANGUAGE_STANDARD = "gnu++17";
				CLANG_CXX_LIBRARY = "libc++";
				CLANG_ENABLE_MODULES = YES;
				CLANG_ENABLE_OBJC_ARC = YES;
				CLANG_ENABLE_OBJC_WEAK = YES;
				CLANG_WARN_BLOCK_CAPTURE_AUTORELEASING = YES;
				CLANG_WARN_BOOL_CONVERSION = YES;
				CLANG_WARN_COMMA = YES;
				CLANG_WARN_CONSTANT_CONVERSION = YES;
				CLANG_WARN_DEPRECATED_OBJC_IMPLEMENTATIONS = YES;
				CLANG_WARN_DIRECT_OBJC_ISA_USAGE = YES_ERROR;
				CLANG_WARN_DOCUMENTATION_COMMENTS = YES;
				CLANG_WARN_EMPTY_BODY = YES;
				CLANG_WARN_ENUM_CONVERSION = YES;
				CLANG_WARN_INFINITE_RECURSION = YES;
				CLANG_WARN_INT_CONVERSION = YES;
				CLANG_WARN_NON_LITERAL_NULL_CONVERSION = YES;
				CLANG_WARN_OBJC_IMPLICIT_RETAIN_SELF = YES;
				CLANG_WARN_OBJC_LITERAL_CONVERSION = YES;
				CLANG_WARN_OBJC_ROOT_CLASS = YES_ERROR;
				CLANG_WARN_QUOTED_INCLUDE_IN_FRAMEWORK_HEADER = YES;
				CLANG_WARN_RANGE_LOOP_ANALYSIS = YES;
				CLANG_WARN_STRICT_PROTOTYPES = YES;
				CLANG_WARN_SUSPICIOUS_MOVE = YES;
				CLANG_WARN_UNGUARDED_AVAILABILITY = YES_AGGRESSIVE;
				CLANG_WARN_UNREACHABLE_CODE = YES;
				CLANG_WARN__DUPLICATE_METHOD_MATCH = YES;
				COPY_PHASE_STRIP = NO;
				DEBUG_INFORMATION_FORMAT = "dwarf-with-dsym";
				ENABLE_NS_ASSERTIONS = NO;
				ENABLE_STRICT_OBJC_MSGSEND = YES;
				GCC_C_LANGUAGE_STANDARD = gnu11;
				GCC_NO_COMMON_BLOCKS = YES;
				GCC_WARN_64_TO_32_BIT_CONVERSION = YES;
				GCC_WARN_ABOUT_RETURN_TYPE = YES_ERROR;
				GCC_WARN_UNDECLARED_SELECTOR = YES;
				GCC_WARN_UNINITIALIZED_AUTOS = YES_AGGRESSIVE;
				GCC_WARN_UNUSED_FUNCTION = YES;
				GCC_WARN_UNUSED_VARIABLE = YES;
				IPHONEOS_DEPLOYMENT_TARGET = 15.0;
				MTL_ENABLE_DEBUG_INFO = NO;
				MTL_FAST_MATH = YES;
				SDKROOT = iphoneos;
				SWIFT_COMPILATION_MODE = wholemodule;
				SWIFT_OPTIMIZATION_LEVEL = "-O";
				VALIDATE_PRODUCT = YES;
			};
			name = Release;
		};
		7CCBA0352762661B00E987AA /* Debug */ = {
			isa = XCBuildConfiguration;
			baseConfigurationReference = F4281C7FD04A97668A33F553 /* Pods-iOSTensorflow.debug.xcconfig */;
			buildSettings = {
				ASSETCATALOG_COMPILER_APPICON_NAME = AppIcon;
				ASSETCATALOG_COMPILER_GLOBAL_ACCENT_COLOR_NAME = AccentColor;
				CODE_SIGN_STYLE = Automatic;
				CURRENT_PROJECT_VERSION = 1;
				DEVELOPMENT_ASSET_PATHS = "\"iOSTensorflow/Preview Content\"";
				DEVELOPMENT_TEAM = E8X42B23QJ;
				ENABLE_PREVIEWS = YES;
				GENERATE_INFOPLIST_FILE = YES;
				INFOPLIST_KEY_UIApplicationSceneManifest_Generation = YES;
				INFOPLIST_KEY_UIApplicationSupportsIndirectInputEvents = YES;
				INFOPLIST_KEY_UILaunchScreen_Generation = YES;
				INFOPLIST_KEY_UISupportedInterfaceOrientations_iPad = "UIInterfaceOrientationPortrait UIInterfaceOrientationPortraitUpsideDown UIInterfaceOrientationLandscapeLeft UIInterfaceOrientationLandscapeRight";
				INFOPLIST_KEY_UISupportedInterfaceOrientations_iPhone = "UIInterfaceOrientationPortrait UIInterfaceOrientationLandscapeLeft UIInterfaceOrientationLandscapeRight";
				LD_RUNPATH_SEARCH_PATHS = (
					"$(inherited)",
					"@executable_path/Frameworks",
				);
				MARKETING_VERSION = 1.0;
				PRODUCT_BUNDLE_IDENTIFIER = jiwon.iOSTensorflow;
				PRODUCT_NAME = "$(TARGET_NAME)";
				SWIFT_EMIT_LOC_STRINGS = YES;
				SWIFT_VERSION = 5.0;
				TARGETED_DEVICE_FAMILY = "1,2";
			};
			name = Debug;
		};
		7CCBA0362762661B00E987AA /* Release */ = {
			isa = XCBuildConfiguration;
			baseConfigurationReference = 43A8BF9593614FC11EC47E53 /* Pods-iOSTensorflow.release.xcconfig */;
			buildSettings = {
				ASSETCATALOG_COMPILER_APPICON_NAME = AppIcon;
				ASSETCATALOG_COMPILER_GLOBAL_ACCENT_COLOR_NAME = AccentColor;
				CODE_SIGN_STYLE = Automatic;
				CURRENT_PROJECT_VERSION = 1;
				DEVELOPMENT_ASSET_PATHS = "\"iOSTensorflow/Preview Content\"";
				DEVELOPMENT_TEAM = E8X42B23QJ;
				ENABLE_PREVIEWS = YES;
				GENERATE_INFOPLIST_FILE = YES;
				INFOPLIST_KEY_UIApplicationSceneManifest_Generation = YES;
				INFOPLIST_KEY_UIApplicationSupportsIndirectInputEvents = YES;
				INFOPLIST_KEY_UILaunchScreen_Generation = YES;
				INFOPLIST_KEY_UISupportedInterfaceOrientations_iPad = "UIInterfaceOrientationPortrait UIInterfaceOrientationPortraitUpsideDown UIInterfaceOrientationLandscapeLeft UIInterfaceOrientationLandscapeRight";
				INFOPLIST_KEY_UISupportedInterfaceOrientations_iPhone = "UIInterfaceOrientationPortrait UIInterfaceOrientationLandscapeLeft UIInterfaceOrientationLandscapeRight";
				LD_RUNPATH_SEARCH_PATHS = (
					"$(inherited)",
					"@executable_path/Frameworks",
				);
				MARKETING_VERSION = 1.0;
				PRODUCT_BUNDLE_IDENTIFIER = jiwon.iOSTensorflow;
				PRODUCT_NAME = "$(TARGET_NAME)";
				SWIFT_EMIT_LOC_STRINGS = YES;
				SWIFT_VERSION = 5.0;
				TARGETED_DEVICE_FAMILY = "1,2";
			};
			name = Release;
		};
		7CCBA0382762661B00E987AA /* Debug */ = {
			isa = XCBuildConfiguration;
			baseConfigurationReference = 1B6E454D8D36E3CECB855364 /* Pods-iOSTensorflowTests.debug.xcconfig */;
			buildSettings = {
				ALWAYS_EMBED_SWIFT_STANDARD_LIBRARIES = YES;
				BUNDLE_LOADER = "$(TEST_HOST)";
				CODE_SIGN_STYLE = Automatic;
				CURRENT_PROJECT_VERSION = 1;
				DEVELOPMENT_TEAM = E8X42B23QJ;
				GENERATE_INFOPLIST_FILE = YES;
				IPHONEOS_DEPLOYMENT_TARGET = 15.0;
				LD_RUNPATH_SEARCH_PATHS = (
					"$(inherited)",
					"@executable_path/Frameworks",
					"@loader_path/Frameworks",
				);
				MARKETING_VERSION = 1.0;
				PRODUCT_BUNDLE_IDENTIFIER = jiwon.iOSTensorflowTests;
				PRODUCT_NAME = "$(TARGET_NAME)";
				SWIFT_EMIT_LOC_STRINGS = NO;
				SWIFT_VERSION = 5.0;
				TARGETED_DEVICE_FAMILY = "1,2";
				TEST_HOST = "$(BUILT_PRODUCTS_DIR)/iOSTensorflow.app/iOSTensorflow";
			};
			name = Debug;
		};
		7CCBA0392762661B00E987AA /* Release */ = {
			isa = XCBuildConfiguration;
			baseConfigurationReference = 1CE310FF5E6141C1F7D49196 /* Pods-iOSTensorflowTests.release.xcconfig */;
			buildSettings = {
				ALWAYS_EMBED_SWIFT_STANDARD_LIBRARIES = YES;
				BUNDLE_LOADER = "$(TEST_HOST)";
				CODE_SIGN_STYLE = Automatic;
				CURRENT_PROJECT_VERSION = 1;
				DEVELOPMENT_TEAM = E8X42B23QJ;
				GENERATE_INFOPLIST_FILE = YES;
				IPHONEOS_DEPLOYMENT_TARGET = 15.0;
				LD_RUNPATH_SEARCH_PATHS = (
					"$(inherited)",
					"@executable_path/Frameworks",
					"@loader_path/Frameworks",
				);
				MARKETING_VERSION = 1.0;
				PRODUCT_BUNDLE_IDENTIFIER = jiwon.iOSTensorflowTests;
				PRODUCT_NAME = "$(TARGET_NAME)";
				SWIFT_EMIT_LOC_STRINGS = NO;
				SWIFT_VERSION = 5.0;
				TARGETED_DEVICE_FAMILY = "1,2";
				TEST_HOST = "$(BUILT_PRODUCTS_DIR)/iOSTensorflow.app/iOSTensorflow";
			};
			name = Release;
		};
		7CCBA03B2762661B00E987AA /* Debug */ = {
			isa = XCBuildConfiguration;
			baseConfigurationReference = D44031508312CC27BD133015 /* Pods-iOSTensorflow-iOSTensorflowUITests.debug.xcconfig */;
			buildSettings = {
				ALWAYS_EMBED_SWIFT_STANDARD_LIBRARIES = YES;
				CODE_SIGN_STYLE = Automatic;
				CURRENT_PROJECT_VERSION = 1;
				DEVELOPMENT_TEAM = E8X42B23QJ;
				GENERATE_INFOPLIST_FILE = YES;
				LD_RUNPATH_SEARCH_PATHS = (
					"$(inherited)",
					"@executable_path/Frameworks",
					"@loader_path/Frameworks",
				);
				MARKETING_VERSION = 1.0;
				PRODUCT_BUNDLE_IDENTIFIER = jiwon.iOSTensorflowUITests;
				PRODUCT_NAME = "$(TARGET_NAME)";
				SWIFT_EMIT_LOC_STRINGS = NO;
				SWIFT_VERSION = 5.0;
				TARGETED_DEVICE_FAMILY = "1,2";
				TEST_TARGET_NAME = iOSTensorflow;
			};
			name = Debug;
		};
		7CCBA03C2762661B00E987AA /* Release */ = {
			isa = XCBuildConfiguration;
			baseConfigurationReference = DAFFC74200241B2D1941C1BE /* Pods-iOSTensorflow-iOSTensorflowUITests.release.xcconfig */;
			buildSettings = {
				ALWAYS_EMBED_SWIFT_STANDARD_LIBRARIES = YES;
				CODE_SIGN_STYLE = Automatic;
				CURRENT_PROJECT_VERSION = 1;
				DEVELOPMENT_TEAM = E8X42B23QJ;
				GENERATE_INFOPLIST_FILE = YES;
				LD_RUNPATH_SEARCH_PATHS = (
					"$(inherited)",
					"@executable_path/Frameworks",
					"@loader_path/Frameworks",
				);
				MARKETING_VERSION = 1.0;
				PRODUCT_BUNDLE_IDENTIFIER = jiwon.iOSTensorflowUITests;
				PRODUCT_NAME = "$(TARGET_NAME)";
				SWIFT_EMIT_LOC_STRINGS = NO;
				SWIFT_VERSION = 5.0;
				TARGETED_DEVICE_FAMILY = "1,2";
				TEST_TARGET_NAME = iOSTensorflow;
			};
			name = Release;
		};
/* End XCBuildConfiguration section */

/* Begin XCConfigurationList section */
		7CCBA00B2762661900E987AA /* Build configuration list for PBXProject "iOSTensorflow" */ = {
			isa = XCConfigurationList;
			buildConfigurations = (
				7CCBA0322762661B00E987AA /* Debug */,
				7CCBA0332762661B00E987AA /* Release */,
			);
			defaultConfigurationIsVisible = 0;
			defaultConfigurationName = Release;
		};
		7CCBA0342762661B00E987AA /* Build configuration list for PBXNativeTarget "iOSTensorflow" */ = {
			isa = XCConfigurationList;
			buildConfigurations = (
				7CCBA0352762661B00E987AA /* Debug */,
				7CCBA0362762661B00E987AA /* Release */,
			);
			defaultConfigurationIsVisible = 0;
			defaultConfigurationName = Release;
		};
		7CCBA0372762661B00E987AA /* Build configuration list for PBXNativeTarget "iOSTensorflowTests" */ = {
			isa = XCConfigurationList;
			buildConfigurations = (
				7CCBA0382762661B00E987AA /* Debug */,
				7CCBA0392762661B00E987AA /* Release */,
			);
			defaultConfigurationIsVisible = 0;
			defaultConfigurationName = Release;
		};
		7CCBA03A2762661B00E987AA /* Build configuration list for PBXNativeTarget "iOSTensorflowUITests" */ = {
			isa = XCConfigurationList;
			buildConfigurations = (
				7CCBA03B2762661B00E987AA /* Debug */,
				7CCBA03C2762661B00E987AA /* Release */,
			);
			defaultConfigurationIsVisible = 0;
			defaultConfigurationName = Release;
		};
/* End XCConfigurationList section */
	};
	rootObject = 7CCBA0082762661900E987AA /* Project object */;
}
